
Microsoft Visual Studio Solution File, Format Version 12.00
# Visual Studio 15
VisualStudioVersion = 15.0.27703.2026
MinimumVisualStudioVersion = 10.0.40219.1
Project("{FAE04EC0-301F-11D3-BF4B-00C04F79EFBC}") = "Localization.Core", "Localization.Core\Localization.Core.csproj", "{29DB4FE4-589E-4ACF-9CAC-9AFEC0BAD8AA}"
EndProject
Global
	GlobalSection(SolutionConfigurationPlatforms) = preSolution
		Debug|Any CPU = Debug|Any CPU
		Release|Any CPU = Release|Any CPU
	EndGlobalSection
	GlobalSection(ProjectConfigurationPlatforms) = postSolution
		{29DB4FE4-589E-4ACF-9CAC-9AFEC0BAD8AA}.Debug|Any CPU.ActiveCfg = Debug|Any CPU
		{29DB4FE4-589E-4ACF-9CAC-9AFEC0BAD8AA}.Debug|Any CPU.Build.0 = Debug|Any CPU
		{29DB4FE4-589E-4ACF-9CAC-9AFEC0BAD8AA}.Release|Any CPU.ActiveCfg = Release|Any CPU
		{29DB4FE4-589E-4ACF-9CAC-9AFEC0BAD8AA}.Release|Any CPU.Build.0 = Release|Any CPU
	EndGlobalSection
	GlobalSection(SolutionProperties) = preSolution
		HideSolutionNode = FALSE
	EndGlobalSection
	GlobalSection(ExtensibilityGlobals) = postSolution
		SolutionGuid = {6F72E864-19A1-456A-9061-5198B114C2FB}
	EndGlobalSection
EndGlobal
